
Microsoft Visual Studio Solution File, Format Version 12.00
# Visual Studio Version 16
VisualStudioVersion = 16.0.30611.23
MinimumVisualStudioVersion = 10.0.40219.1
Project("{FAE04EC0-301F-11D3-BF4B-00C04F79EFBC}") = "NS.EMS.WEB", "NS.EMP.WEB\NS.EMS.WEB.csproj", "{744F6503-0AC0-41C7-B028-3D836A5FDF61}"
EndProject
Project("{FAE04EC0-301F-11D3-BF4B-00C04F79EFBC}") = "NS.EMS.Data", "NS.EMS.Data\NS.EMS.Data.csproj", "{DB631426-785F-4915-921F-CE5673F8EB07}"
EndProject
Project("{FAE04EC0-301F-11D3-BF4B-00C04F79EFBC}") = "NS.EMS.Repository", "NS.EMS.Repository\NS.EMS.Repository.csproj", "{649C9EDC-9401-42C5-91A7-414E39FA72BE}"
EndProject
Project("{FAE04EC0-301F-11D3-BF4B-00C04F79EFBC}") = "NS.EMS.Business", "NS.EMS.Business\NS.EMS.Business.csproj", "{8D479D5D-322D-47F8-AA02-F6B485C586FA}"
EndProject
Project("{FAE04EC0-301F-11D3-BF4B-00C04F79EFBC}") = "NS.EMS.Model", "NS.EMS.Model\NS.EMS.Model.csproj", "{6A46F214-7A42-4348-B35A-6214A52DF3E2}"
EndProject
Global
	GlobalSection(SolutionConfigurationPlatforms) = preSolution
		Debug|Any CPU = Debug|Any CPU
		Release|Any CPU = Release|Any CPU
	EndGlobalSection
	GlobalSection(ProjectConfigurationPlatforms) = postSolution
		{744F6503-0AC0-41C7-B028-3D836A5FDF61}.Debug|Any CPU.ActiveCfg = Debug|Any CPU
		{744F6503-0AC0-41C7-B028-3D836A5FDF61}.Debug|Any CPU.Build.0 = Debug|Any CPU
		{744F6503-0AC0-41C7-B028-3D836A5FDF61}.Release|Any CPU.ActiveCfg = Release|Any CPU
		{744F6503-0AC0-41C7-B028-3D836A5FDF61}.Release|Any CPU.Build.0 = Release|Any CPU
		{DB631426-785F-4915-921F-CE5673F8EB07}.Debug|Any CPU.ActiveCfg = Debug|Any CPU
		{DB631426-785F-4915-921F-CE5673F8EB07}.Debug|Any CPU.Build.0 = Debug|Any CPU
		{DB631426-785F-4915-921F-CE5673F8EB07}.Release|Any CPU.ActiveCfg = Release|Any CPU
		{DB631426-785F-4915-921F-CE5673F8EB07}.Release|Any CPU.Build.0 = Release|Any CPU
		{649C9EDC-9401-42C5-91A7-414E39FA72BE}.Debug|Any CPU.ActiveCfg = Debug|Any CPU
		{649C9EDC-9401-42C5-91A7-414E39FA72BE}.Debug|Any CPU.Build.0 = Debug|Any CPU
		{649C9EDC-9401-42C5-91A7-414E39FA72BE}.Release|Any CPU.ActiveCfg = Release|Any CPU
		{649C9EDC-9401-42C5-91A7-414E39FA72BE}.Release|Any CPU.Build.0 = Release|Any CPU
		{8D479D5D-322D-47F8-AA02-F6B485C586FA}.Debug|Any CPU.ActiveCfg = Debug|Any CPU
		{8D479D5D-322D-47F8-AA02-F6B485C586FA}.Debug|Any CPU.Build.0 = Debug|Any CPU
		{8D479D5D-322D-47F8-AA02-F6B485C586FA}.Release|Any CPU.ActiveCfg = Release|Any CPU
		{8D479D5D-322D-47F8-AA02-F6B485C586FA}.Release|Any CPU.Build.0 = Release|Any CPU
		{6A46F214-7A42-4348-B35A-6214A52DF3E2}.Debug|Any CPU.ActiveCfg = Debug|Any CPU
		{6A46F214-7A42-4348-B35A-6214A52DF3E2}.Debug|Any CPU.Build.0 = Debug|Any CPU
		{6A46F214-7A42-4348-B35A-6214A52DF3E2}.Release|Any CPU.ActiveCfg = Release|Any CPU
		{6A46F214-7A42-4348-B35A-6214A52DF3E2}.Release|Any CPU.Build.0 = Release|Any CPU
	EndGlobalSection
	GlobalSection(SolutionProperties) = preSolution
		HideSolutionNode = FALSE
	EndGlobalSection
	GlobalSection(ExtensibilityGlobals) = postSolution
		SolutionGuid = {7761FA5D-BECC-4E1F-8152-51F67007B3C3}
	EndGlobalSection
EndGlobal
